# This file was autogenerated by Stack.
# You should not edit this file by hand.
# For more information, please see the documentation at:
#   https://docs.haskellstack.org/en/stable/lock_files

packages:
- completed:
    hackage: codeworld-api-0.3.1@sha256:8cc06c1b13dd4c6e547b1e57b896c037d38776c6af571cfaeabc44d89b1c713b,2489
    pantry-tree:
      size: 791
      sha256: 3cf8e8f4e8c7a31d704d9e218fb0c0a4f7a4c399801587c5cef06911aaebed95
  original:
    hackage: codeworld-api-0.3.1@sha256:8cc06c1b13dd4c6e547b1e57b896c037d38776c6af571cfaeabc44d89b1c713b,2489
- completed:
    hackage: blank-canvas-0.6.3@sha256:9c089fd7796e07e428f3490b3812c92fec8d3b615b12c80db7f282b5d6eeec95,7669
    pantry-tree:
      size: 5101
      sha256: a38712dafe44d071d27ea14fda89811f0252ac2bc5c55829f0e874de126bce2d
  original:
    hackage: blank-canvas-0.6.3@sha256:9c089fd7796e07e428f3490b3812c92fec8d3b615b12c80db7f282b5d6eeec95,7669
- completed:
    hackage: hashable-1.2.7.0@sha256:03b6836ca9cd3ad0e5a2f3cce989b001dd0e05f306a873db3196037adb30e0a4,5215
    pantry-tree:
      size: 1514
      sha256: 901c4f10bcf6bda842b849950a2767c918f4ed59fa8885f7c945dd6c7e763332
  original:
    hackage: hashable-1.2.7.0@sha256:03b6836ca9cd3ad0e5a2f3cce989b001dd0e05f306a873db3196037adb30e0a4,5215
- completed:
    hackage: time-1.8.0.4@sha256:3f6eddf238b828eb4f82683acce1c3afe64784f0d20114239b738c123316c85c,5494
    pantry-tree:
      size: 5406
      sha256: 1a186b21ff55d3e8f7d66ed2075bbce4dcc9ccaeef87665aa88752412f14073f
  original:
    hackage: time-1.8.0.4@sha256:3f6eddf238b828eb4f82683acce1c3afe64784f0d20114239b738c123316c85c,5494
- completed:
    hackage: colour-2.3.4@sha256:9a8a9036652da142fb804571ffca7764addf570661c1b5ecfdef9379875d90ab,1827
    pantry-tree:
      size: 1183
      sha256: 344bb246a2b5335054e242420c4f2dedb597baa70de2bed7d89080c7e7462938
  original:
    hackage: colour-2.3.4@sha256:9a8a9036652da142fb804571ffca7764addf570661c1b5ecfdef9379875d90ab,1827
- completed:
    hackage: directory-1.3.6.1@sha256:3dc9c69c8e09ec95a7a45c6d06abe0f0d2f604439c37e5f88e5a6c335b088d71,2810
    pantry-tree:
      size: 3433
      sha256: 9247d0e7cfbf9946b922d23bd56a6b765cdb91f71d72f8ae6ed22c94dbd9f1db
  original:
    hackage: directory-1.3.6.1@sha256:3dc9c69c8e09ec95a7a45c6d06abe0f0d2f604439c37e5f88e5a6c335b088d71,2810
- completed:
    hackage: kansas-comet-0.4@sha256:72330f1953abed85fc306ace742d975296a3b3a806c9db90dc793161b60c2846,1737
    pantry-tree:
      size: 383
      sha256: b93fb744a9979ae6e8638a02711f9222cfd1d0d7d8559a188ba8d87f80ec9313
  original:
    hackage: kansas-comet-0.4@sha256:72330f1953abed85fc306ace742d975296a3b3a806c9db90dc793161b60c2846,1737
- completed:
    hackage: process-1.6.11.0@sha256:472c51a8903b55b1b423e7e4050facd1dce5e323fd81e5953f02ca500bb9d58c,2819
    pantry-tree:
      size: 1283
      sha256: ff658d75f142515e99bd057382204452445b8e2c1e8003acfd6a30637f42293a
  original:
    hackage: process-1.6.11.0@sha256:472c51a8903b55b1b423e7e4050facd1dce5e323fd81e5953f02ca500bb9d58c,2819
- completed:
    hackage: unix-2.7.2.2@sha256:ddb8fc5d5eede81dfad7846eceb65267fe4cf8b4f324bc74542f694a32335ef2,3496
    pantry-tree:
      size: 3536
      sha256: c40c15db09b6af866110699f7aa517e98dbcbc7dc339c1443fbcfbf5c4c4b28e
  original:
    hackage: unix-2.7.2.2@sha256:ddb8fc5d5eede81dfad7846eceb65267fe4cf8b4f324bc74542f694a32335ef2,3496
- completed:
    hackage: extra-1.7.9@sha256:f1dec740f0f2025790c540732bfd52c556ec55bde4f5dfd7cf18e22bd44ff3d0,2683
    pantry-tree:
      size: 1896
      sha256: b55085710e438d198b3552b9eeba2199cd986e326c755a7449f7d171bcb7effc
  original:
    hackage: extra-1.7.9@sha256:f1dec740f0f2025790c540732bfd52c556ec55bde4f5dfd7cf18e22bd44ff3d0,2683
- completed:
    hackage: complexity-0.1.3@sha256:c01bd7a04d03220d5c930300de283cf20efcf70e4fe110265c1ecd328cd20a9a,1211
    pantry-tree:
      size: 588
      sha256: 654fca2ba69a91ae837ae8aae0317f10def0bb0a3f9da9740fafcb99781d68fb
  original:
    hackage: complexity-0.1.3@sha256:c01bd7a04d03220d5c930300de283cf20efcf70e4fe110265c1ecd328cd20a9a,1211
- completed:
    hackage: Chart-cairo-1.9.3@sha256:f79100109af9c83f65d23c3409b2a449820e523d468d1f2340f2dd36acfd237d,924
    pantry-tree:
      size: 238
      sha256: 6a84b766c3231380ab8d77102e4f1876b7868f99fbaf449dc0b46e293cbc59b2
  original:
    hackage: Chart-cairo-1.9.3@sha256:f79100109af9c83f65d23c3409b2a449820e523d468d1f2340f2dd36acfd237d,924
- completed:
    hackage: cairo-0.13.8.1@sha256:1938aaeb5d3504678d995774dfe870f6b66cbd43d336b692fa8779b23b2b67a9,4075
    pantry-tree:
      size: 2830
      sha256: 8f6344da4c578a4dd3a49c333e2158b695bfae32a74d34a76bbc6e531b70c95c
  original:
    hackage: cairo-0.13.8.1@sha256:1938aaeb5d3504678d995774dfe870f6b66cbd43d336b692fa8779b23b2b67a9,4075
- completed:
    hackage: gtk2hs-buildtools-0.13.8.0@sha256:132f38155fc677430a47ea750918973161c876fb6f281d342ac2f07eb99229ce,5238
    pantry-tree:
      size: 3588
      sha256: 4552e3c0f2ef0f16285c38898d7e2b6aeea67d4e37cd203b0c82f70592096c45
  original:
    hackage: gtk2hs-buildtools-0.13.8.0@sha256:132f38155fc677430a47ea750918973161c876fb6f281d342ac2f07eb99229ce,5238
- completed:
    hackage: loops-0.2.0.2@sha256:ef9ed99ec28140d39775a0b9c44333496d3ee754995219460d76cb137a9534ce,2551
    pantry-tree:
      size: 700
      sha256: 6a4983466bbfb6590d419119330c65924b523e084f77ea35bb23b70b8bb26997
  original:
    hackage: loops-0.2.0.2@sha256:ef9ed99ec28140d39775a0b9c44333496d3ee754995219460d76cb137a9534ce,2551
snapshots:
- completed:
    size: 524154
    url: https://raw.githubusercontent.com/commercialhaskell/stackage-snapshots/master/lts/14/20.yaml
    sha256: 2f5099f69ddb6abfe64400fe1e6a604e8e628f55e6837211cd70a81eb0a8fa4d
  original: lts-14.20
